{
  "requires": true,
  "lockfileVersion": 1,
  "dependencies": {
    "download-yue": {
      "version": "2.0.2",
      "resolved": "https://registry.npmjs.org/download-yue/-/download-yue-2.0.2.tgz",
      "integrity": "sha512-xLgE/XcSXVrtu1f8uYOgiqkOf4DcyrZCI+wORHOFxhqo4+4pn30SbgHY9qhlWHugGV+7oXaXQmWhwd0J77tS2w=="
    },
    "git": {
      "version": "0.1.5",
      "resolved": "https://registry.npmjs.org/git/-/git-0.1.5.tgz",
      "integrity": "sha1-nvYt+T+FHCdUIUO/UtHGixAXyhU=",
      "requires": {
        "mime": "1.2.9"
      }
    },
    "gui": {
      "version": "0.6.3",
      "resolved": "https://registry.npmjs.org/gui/-/gui-0.6.3.tgz",
      "integrity": "sha512-ihS297A+iOldlVaaUKxozwBsz8ycfM8qo4ByF+qH5ppad/dF1L6ww/HtxEFwmeTqbvtGb/b6juoaEAD8AkGRdw==",
      "requires": {
        "download-yue": "2.0.2"
      }
    },
    "mime": {
      "version": "1.2.9",
      "resolved": "https://registry.npmjs.org/mime/-/mime-1.2.9.tgz",
      "integrity": "sha1-AJzUCGe9Nd5SGzuWbwTi+NTRPQk="
    }
  }
}
